
Microsoft Visual Studio Solution File, Format Version 12.00
# Visual Studio Version 16
VisualStudioVersion = 16.0.31321.278
MinimumVisualStudioVersion = 10.0.40219.1
Project("{FAE04EC0-301F-11D3-BF4B-00C04F79EFBC}") = "MiniCompiladorXconsola", "MiniCompiladorXconsola.csproj", "{54048F10-5AA9-4F3B-B012-C473D6CEF674}"
EndProject
Global
	GlobalSection(SolutionConfigurationPlatforms) = preSolution
		Debug|Any CPU = Debug|Any CPU
		Release|Any CPU = Release|Any CPU
	EndGlobalSection
	GlobalSection(ProjectConfigurationPlatforms) = postSolution
		{54048F10-5AA9-4F3B-B012-C473D6CEF674}.Debug|Any CPU.ActiveCfg = Debug|Any CPU
		{54048F10-5AA9-4F3B-B012-C473D6CEF674}.Debug|Any CPU.Build.0 = Debug|Any CPU
		{54048F10-5AA9-4F3B-B012-C473D6CEF674}.Release|Any CPU.ActiveCfg = Release|Any CPU
		{54048F10-5AA9-4F3B-B012-C473D6CEF674}.Release|Any CPU.Build.0 = Release|Any CPU
	EndGlobalSection
	GlobalSection(SolutionProperties) = preSolution
		HideSolutionNode = FALSE
	EndGlobalSection
	GlobalSection(ExtensibilityGlobals) = postSolution
		SolutionGuid = {B2B328BF-63F8-40FD-82EA-9D4F2BE9F616}
	EndGlobalSection
EndGlobal
