
Microsoft Visual Studio Solution File, Format Version 12.00
# Visual Studio Version 16
VisualStudioVersion = 16.0.31321.278
MinimumVisualStudioVersion = 10.0.40219.1
Project("{FAE04EC0-301F-11D3-BF4B-00C04F79EFBC}") = "EjercicioPuntuacion", "EjercicioPuntuacion.csproj", "{AEF75A33-7F76-433E-9E0B-C951BD84F2B1}"
EndProject
Global
	GlobalSection(SolutionConfigurationPlatforms) = preSolution
		Debug|Any CPU = Debug|Any CPU
		Release|Any CPU = Release|Any CPU
	EndGlobalSection
	GlobalSection(ProjectConfigurationPlatforms) = postSolution
		{AEF75A33-7F76-433E-9E0B-C951BD84F2B1}.Debug|Any CPU.ActiveCfg = Debug|Any CPU
		{AEF75A33-7F76-433E-9E0B-C951BD84F2B1}.Debug|Any CPU.Build.0 = Debug|Any CPU
		{AEF75A33-7F76-433E-9E0B-C951BD84F2B1}.Release|Any CPU.ActiveCfg = Release|Any CPU
		{AEF75A33-7F76-433E-9E0B-C951BD84F2B1}.Release|Any CPU.Build.0 = Release|Any CPU
	EndGlobalSection
	GlobalSection(SolutionProperties) = preSolution
		HideSolutionNode = FALSE
	EndGlobalSection
	GlobalSection(ExtensibilityGlobals) = postSolution
		SolutionGuid = {EE1D69DE-CF11-44E1-8657-D1DD491EB420}
	EndGlobalSection
EndGlobal
